
Microsoft Visual Studio Solution File, Format Version 12.00
# Visual Studio Version 16
VisualStudioVersion = 16.0.29418.71
MinimumVisualStudioVersion = 10.0.40219.1
Project("{9A19103F-16F7-4668-BE54-9A1E7A4F7556}") = "ITLab.Landing.MVC", "ITLab\ITLab.Landing.MVC.csproj", "{7E66AB91-39C6-4FD7-9BE4-A4D284AA05F5}"
EndProject
Project("{9A19103F-16F7-4668-BE54-9A1E7A4F7556}") = "ITLab.Cabinet.API", "ITLab.Cabinet.API\ITLab.Cabinet.API.csproj", "{B151BD74-5274-4530-A899-94193ED6BCF0}"
	ProjectSection(ProjectDependencies) = postProject
		{018F8461-D45B-4DB0-8605-08B111428083} = {018F8461-D45B-4DB0-8605-08B111428083}
		{200CECD8-FBD4-42CD-BA8B-A12C4A586C2E} = {200CECD8-FBD4-42CD-BA8B-A12C4A586C2E}
	EndProjectSection
EndProject
Project("{9A19103F-16F7-4668-BE54-9A1E7A4F7556}") = "ITLab.Cabinet.Database", "ITLab.Cabinet.Database\ITLab.Cabinet.Database.csproj", "{018F8461-D45B-4DB0-8605-08B111428083}"
EndProject
Project("{9A19103F-16F7-4668-BE54-9A1E7A4F7556}") = "ITLab.Cabinet.Logic", "ITLab.Cabinet.Logic\ITLab.Cabinet.Logic.csproj", "{200CECD8-FBD4-42CD-BA8B-A12C4A586C2E}"
	ProjectSection(ProjectDependencies) = postProject
		{018F8461-D45B-4DB0-8605-08B111428083} = {018F8461-D45B-4DB0-8605-08B111428083}
	EndProjectSection
EndProject
Global
	GlobalSection(SolutionConfigurationPlatforms) = preSolution
		Debug|Any CPU = Debug|Any CPU
		Release|Any CPU = Release|Any CPU
	EndGlobalSection
	GlobalSection(ProjectConfigurationPlatforms) = postSolution
		{7E66AB91-39C6-4FD7-9BE4-A4D284AA05F5}.Debug|Any CPU.ActiveCfg = Debug|Any CPU
		{7E66AB91-39C6-4FD7-9BE4-A4D284AA05F5}.Debug|Any CPU.Build.0 = Debug|Any CPU
		{7E66AB91-39C6-4FD7-9BE4-A4D284AA05F5}.Release|Any CPU.ActiveCfg = Release|Any CPU
		{7E66AB91-39C6-4FD7-9BE4-A4D284AA05F5}.Release|Any CPU.Build.0 = Release|Any CPU
		{B151BD74-5274-4530-A899-94193ED6BCF0}.Debug|Any CPU.ActiveCfg = Debug|Any CPU
		{B151BD74-5274-4530-A899-94193ED6BCF0}.Debug|Any CPU.Build.0 = Debug|Any CPU
		{B151BD74-5274-4530-A899-94193ED6BCF0}.Release|Any CPU.ActiveCfg = Release|Any CPU
		{B151BD74-5274-4530-A899-94193ED6BCF0}.Release|Any CPU.Build.0 = Release|Any CPU
		{018F8461-D45B-4DB0-8605-08B111428083}.Debug|Any CPU.ActiveCfg = Debug|Any CPU
		{018F8461-D45B-4DB0-8605-08B111428083}.Debug|Any CPU.Build.0 = Debug|Any CPU
		{018F8461-D45B-4DB0-8605-08B111428083}.Release|Any CPU.ActiveCfg = Release|Any CPU
		{018F8461-D45B-4DB0-8605-08B111428083}.Release|Any CPU.Build.0 = Release|Any CPU
		{200CECD8-FBD4-42CD-BA8B-A12C4A586C2E}.Debug|Any CPU.ActiveCfg = Debug|Any CPU
		{200CECD8-FBD4-42CD-BA8B-A12C4A586C2E}.Debug|Any CPU.Build.0 = Debug|Any CPU
		{200CECD8-FBD4-42CD-BA8B-A12C4A586C2E}.Release|Any CPU.ActiveCfg = Release|Any CPU
		{200CECD8-FBD4-42CD-BA8B-A12C4A586C2E}.Release|Any CPU.Build.0 = Release|Any CPU
	EndGlobalSection
	GlobalSection(SolutionProperties) = preSolution
		HideSolutionNode = FALSE
	EndGlobalSection
	GlobalSection(ExtensibilityGlobals) = postSolution
		SolutionGuid = {C0314716-BEB0-4F17-AA74-913FC75B6DD1}
	EndGlobalSection
EndGlobal
